
Microsoft Visual Studio Solution File, Format Version 12.00
# Visual Studio Version 17
VisualStudioVersion = 17.5.33627.172
MinimumVisualStudioVersion = 10.0.40219.1
Project("{FAE04EC0-301F-11D3-BF4B-00C04F79EFBC}") = "Gym.API", "Gym.API\Gym.API.csproj", "{26C3DB2E-5E9A-48E8-91AC-94155A721204}"
EndProject
Project("{FAE04EC0-301F-11D3-BF4B-00C04F79EFBC}") = "Gym.Domain", "Gym.Domain\Gym.Domain.csproj", "{2D0CA7AE-70DE-41F1-9AA1-39D6B269CF3D}"
EndProject
Project("{FAE04EC0-301F-11D3-BF4B-00C04F79EFBC}") = "Gym.Infrastructure", "Gym.Infrastructure\Gym.Infrastructure.csproj", "{806208BD-B95D-4D8C-9C46-4DD0C1AC5607}"
EndProject
Global
	GlobalSection(SolutionConfigurationPlatforms) = preSolution
		Debug|Any CPU = Debug|Any CPU
		Release|Any CPU = Release|Any CPU
	EndGlobalSection
	GlobalSection(ProjectConfigurationPlatforms) = postSolution
		{26C3DB2E-5E9A-48E8-91AC-94155A721204}.Debug|Any CPU.ActiveCfg = Debug|Any CPU
		{26C3DB2E-5E9A-48E8-91AC-94155A721204}.Debug|Any CPU.Build.0 = Debug|Any CPU
		{26C3DB2E-5E9A-48E8-91AC-94155A721204}.Release|Any CPU.ActiveCfg = Release|Any CPU
		{26C3DB2E-5E9A-48E8-91AC-94155A721204}.Release|Any CPU.Build.0 = Release|Any CPU
		{2D0CA7AE-70DE-41F1-9AA1-39D6B269CF3D}.Debug|Any CPU.ActiveCfg = Debug|Any CPU
		{2D0CA7AE-70DE-41F1-9AA1-39D6B269CF3D}.Debug|Any CPU.Build.0 = Debug|Any CPU
		{2D0CA7AE-70DE-41F1-9AA1-39D6B269CF3D}.Release|Any CPU.ActiveCfg = Release|Any CPU
		{2D0CA7AE-70DE-41F1-9AA1-39D6B269CF3D}.Release|Any CPU.Build.0 = Release|Any CPU
		{806208BD-B95D-4D8C-9C46-4DD0C1AC5607}.Debug|Any CPU.ActiveCfg = Debug|Any CPU
		{806208BD-B95D-4D8C-9C46-4DD0C1AC5607}.Debug|Any CPU.Build.0 = Debug|Any CPU
		{806208BD-B95D-4D8C-9C46-4DD0C1AC5607}.Release|Any CPU.ActiveCfg = Release|Any CPU
		{806208BD-B95D-4D8C-9C46-4DD0C1AC5607}.Release|Any CPU.Build.0 = Release|Any CPU
	EndGlobalSection
	GlobalSection(SolutionProperties) = preSolution
		HideSolutionNode = FALSE
	EndGlobalSection
	GlobalSection(ExtensibilityGlobals) = postSolution
		SolutionGuid = {68E6073B-F103-42DE-A28E-32C543849AA1}
	EndGlobalSection
EndGlobal
